#MicroXplorer Configuration settings - do not modify
ADC1.Channel-0\#ChannelRegularConversion=ADC_CHANNEL_4
ADC1.Channel-1\#ChannelRegularConversion=ADC_CHANNEL_5
ADC1.Channel-2\#ChannelRegularConversion=ADC_CHANNEL_6
ADC1.ContinuousConvMode=ENABLE
ADC1.DMAContinuousRequests=ENABLE
ADC1.IPParameters=Rank-0\#ChannelRegularConversion,Channel-0\#ChannelRegularConversion,SamplingTime-0\#ChannelRegularConversion,NbrOfConversionFlag,master,ScanConvMode,ContinuousConvMode,NbrOfConversion,DMAContinuousRequests,Rank-1\#ChannelRegularConversion,Channel-1\#ChannelRegularConversion,SamplingTime-1\#ChannelRegularConversion,Rank-2\#ChannelRegularConversion,Channel-2\#ChannelRegularConversion,SamplingTime-2\#ChannelRegularConversion
ADC1.NbrOfConversion=3
ADC1.NbrOfConversionFlag=1
ADC1.Rank-0\#ChannelRegularConversion=1
ADC1.Rank-1\#ChannelRegularConversion=2
ADC1.Rank-2\#ChannelRegularConversion=3
ADC1.SamplingTime-0\#ChannelRegularConversion=ADC_SAMPLETIME_84CYCLES
ADC1.SamplingTime-1\#ChannelRegularConversion=ADC_SAMPLETIME_84CYCLES
ADC1.SamplingTime-2\#ChannelRegularConversion=ADC_SAMPLETIME_84CYCLES
ADC1.ScanConvMode=ENABLE
ADC1.master=1
CAN1.BS1=CAN_BS1_13TQ
CAN1.BS2=CAN_BS2_2TQ
CAN1.CalculateTimeQuantum=125.0
CAN1.IPParameters=CalculateTimeQuantum,Prescaler,BS1,BS2,Mode,NART
CAN1.Mode=CAN_MODE_NORMAL
CAN1.NART=DISABLE
CAN1.Prescaler=4
Dma.ADC1.0.Direction=DMA_PERIPH_TO_MEMORY
Dma.ADC1.0.FIFOMode=DMA_FIFOMODE_ENABLE
Dma.ADC1.0.FIFOThreshold=DMA_FIFO_THRESHOLD_HALFFULL
Dma.ADC1.0.Instance=DMA2_Stream0
Dma.ADC1.0.MemBurst=DMA_MBURST_SINGLE
Dma.ADC1.0.MemDataAlignment=DMA_MDATAALIGN_HALFWORD
Dma.ADC1.0.MemInc=DMA_MINC_ENABLE
Dma.ADC1.0.Mode=DMA_CIRCULAR
Dma.ADC1.0.PeriphBurst=DMA_PBURST_SINGLE
Dma.ADC1.0.PeriphDataAlignment=DMA_PDATAALIGN_HALFWORD
Dma.ADC1.0.PeriphInc=DMA_PINC_DISABLE
Dma.ADC1.0.Priority=DMA_PRIORITY_LOW
Dma.ADC1.0.RequestParameters=Instance,Direction,PeriphInc,MemInc,PeriphDataAlignment,MemDataAlignment,Mode,Priority,FIFOMode,FIFOThreshold,MemBurst,PeriphBurst
Dma.Request0=ADC1
Dma.Request1=USART3_TX
Dma.RequestsNb=2
Dma.USART3_TX.1.Direction=DMA_MEMORY_TO_PERIPH
Dma.USART3_TX.1.FIFOMode=DMA_FIFOMODE_DISABLE
Dma.USART3_TX.1.Instance=DMA1_Stream3
Dma.USART3_TX.1.MemDataAlignment=DMA_MDATAALIGN_BYTE
Dma.USART3_TX.1.MemInc=DMA_MINC_ENABLE
Dma.USART3_TX.1.Mode=DMA_NORMAL
Dma.USART3_TX.1.PeriphDataAlignment=DMA_PDATAALIGN_BYTE
Dma.USART3_TX.1.PeriphInc=DMA_PINC_DISABLE
Dma.USART3_TX.1.Priority=DMA_PRIORITY_LOW
Dma.USART3_TX.1.RequestParameters=Instance,Direction,PeriphInc,MemInc,PeriphDataAlignment,MemDataAlignment,Mode,Priority,FIFOMode
ETH.AutoNegotiation=ETH_AUTONEGOTIATION_DISABLE
ETH.DuplexMode=ETH_MODE_HALFDUPLEX
ETH.IPParameters=MediaInterface,PhyAddress,AutoNegotiation,PHY_Name_MII,PHY_SR,PHY_DUPLEX_STATUS,PHY_SPEED_STATUS,DuplexMode,Speed
ETH.MediaInterface=ETH_MEDIA_INTERFACE_MII
ETH.PHY_DUPLEX_STATUS=0x0010
ETH.PHY_Name_MII=userPHY
ETH.PHY_SPEED_STATUS=0x0004
ETH.PHY_SR=0x1F
ETH.PhyAddress=1
ETH.Speed=ETH_SPEED_100M
FREERTOS.FootprintOK=true
FREERTOS.IPParameters=Tasks01,configTOTAL_HEAP_SIZE,FootprintOK
FREERTOS.Tasks01=defaultTask,0,256,StartDefaultTask,Default,NULL,Dynamic,NULL,NULL;canTask,-3,512,StartCanTask,Default,NULL,Dynamic,NULL,NULL
FREERTOS.configTOTAL_HEAP_SIZE=32768
FSMC.AttributeSpaceHiZSetupTime1=0x1
FSMC.AttributeSpaceHoldSetupTime1=0x2
FSMC.AttributeSpaceSetupTime1=0x1
FSMC.AttributeSpaceWaitSetupTime1=0x3
FSMC.CommonSpaceHiZSetupTime1=0x1
FSMC.CommonSpaceHoldSetupTime1=0x2
FSMC.CommonSpaceSetupTime1=0x1
FSMC.CommonSpaceWaitSetupTime1=0x3
FSMC.ECCPageSize1=FSMC_NAND_ECC_PAGE_SIZE_512BYTE
FSMC.IPParameters=CommonSpaceSetupTime1,CommonSpaceWaitSetupTime1,CommonSpaceHoldSetupTime1,CommonSpaceHiZSetupTime1,AttributeSpaceSetupTime1,AttributeSpaceWaitSetupTime1,AttributeSpaceHoldSetupTime1,AttributeSpaceHiZSetupTime1,NandPageSize1,NandSpareAreaSize1,NandBlockSize1,NandBlockNbr1,ECCPageSize1
FSMC.NandBlockNbr1=0x400
FSMC.NandBlockSize1=0x40
FSMC.NandPageSize1=0x800
FSMC.NandSpareAreaSize1=0x40
File.Version=6
KeepUserPlacement=false
LWIP.GATEWAY_ADDRESS=192.168.005.001
LWIP.IPParameters=LWIP_DHCP,IP_ADDRESS,NETMASK_ADDRESS,GATEWAY_ADDRESS,LWIP_TCP,MEM_SIZE,MEMP_NUM_TCP_PCB,MEMP_NUM_PBUF,MEMP_NUM_TCP_PCB_LISTEN,MEMP_NUM_TCP_SEG,MEMP_NUM_UDP_PCB
LWIP.IP_ADDRESS=192.168.005.085
LWIP.LWIP_DHCP=0
LWIP.LWIP_TCP=0
LWIP.MEMP_NUM_PBUF=24
LWIP.MEMP_NUM_TCP_PCB=1
LWIP.MEMP_NUM_TCP_PCB_LISTEN=1
LWIP.MEMP_NUM_TCP_SEG=4
LWIP.MEMP_NUM_UDP_PCB=6
LWIP.MEM_SIZE=10000
LWIP.NETMASK_ADDRESS=255.255.255.000
LWIP.Version=v2.0.3_Cube
Mcu.Family=STM32F4
Mcu.IP0=ADC1
Mcu.IP1=CAN1
Mcu.IP10=SYS
Mcu.IP11=TIM1
Mcu.IP12=USART3
Mcu.IP2=DMA
Mcu.IP3=ETH
Mcu.IP4=FREERTOS
Mcu.IP5=FSMC
Mcu.IP6=LWIP
Mcu.IP7=NVIC
Mcu.IP8=RCC
Mcu.IP9=RTC
Mcu.IPNb=13
Mcu.Name=STM32F407V(E-G)Tx
Mcu.Package=LQFP100
Mcu.Pin0=PE4
Mcu.Pin1=PE5
Mcu.Pin10=PA1
Mcu.Pin11=PA2
Mcu.Pin12=PA3
Mcu.Pin13=PA4
Mcu.Pin14=PA5
Mcu.Pin15=PA6
Mcu.Pin16=PA7
Mcu.Pin17=PC4
Mcu.Pin18=PC5
Mcu.Pin19=PB0
Mcu.Pin2=PC14-OSC32_IN
Mcu.Pin20=PB1
Mcu.Pin21=PE7
Mcu.Pin22=PE8
Mcu.Pin23=PE9
Mcu.Pin24=PE10
Mcu.Pin25=PE11
Mcu.Pin26=PE13
Mcu.Pin27=PB10
Mcu.Pin28=PB11
Mcu.Pin29=PB12
Mcu.Pin3=PC15-OSC32_OUT
Mcu.Pin30=PB13
Mcu.Pin31=PD11
Mcu.Pin32=PD12
Mcu.Pin33=PD13
Mcu.Pin34=PD14
Mcu.Pin35=PD15
Mcu.Pin36=PC6
Mcu.Pin37=PC7
Mcu.Pin38=PC8
Mcu.Pin39=PC9
Mcu.Pin4=PH0-OSC_IN
Mcu.Pin40=PA11
Mcu.Pin41=PA12
Mcu.Pin42=PA15
Mcu.Pin43=PC10
Mcu.Pin44=PC11
Mcu.Pin45=PC12
Mcu.Pin46=PD0
Mcu.Pin47=PD1
Mcu.Pin48=PD4
Mcu.Pin49=PD5
Mcu.Pin5=PH1-OSC_OUT
Mcu.Pin50=PD6
Mcu.Pin51=PD7
Mcu.Pin52=PB4
Mcu.Pin53=PB8
Mcu.Pin54=VP_FREERTOS_VS_CMSIS_V1
Mcu.Pin55=VP_LWIP_VS_Enabled
Mcu.Pin56=VP_RTC_VS_RTC_Activate
Mcu.Pin57=VP_SYS_VS_tim2
Mcu.Pin58=VP_TIM1_VS_ClockSourceINT
Mcu.Pin6=PC1
Mcu.Pin7=PC2
Mcu.Pin8=PC3
Mcu.Pin9=PA0-WKUP
Mcu.PinsNb=59
Mcu.ThirdPartyNb=0
Mcu.UserConstants=
Mcu.UserName=STM32F407VETx
MxCube.Version=5.3.0
MxDb.Version=DB.5.0.30
NVIC.BusFault_IRQn=true\:0\:0\:false\:false\:true\:false\:false\:false
NVIC.CAN1_RX0_IRQn=true\:5\:0\:true\:false\:true\:true\:true\:true
NVIC.DMA1_Stream3_IRQn=true\:5\:0\:false\:false\:true\:true\:false\:true
NVIC.DMA2_Stream0_IRQn=true\:5\:0\:false\:false\:true\:true\:false\:true
NVIC.DebugMonitor_IRQn=true\:0\:0\:false\:false\:true\:false\:false\:false
NVIC.ETH_IRQn=true\:5\:0\:true\:false\:true\:true\:false\:true
NVIC.HardFault_IRQn=true\:0\:0\:false\:false\:true\:false\:false\:false
NVIC.MemoryManagement_IRQn=true\:0\:0\:false\:false\:true\:false\:false\:false
NVIC.NonMaskableInt_IRQn=true\:0\:0\:false\:false\:true\:false\:false\:false
NVIC.PendSV_IRQn=true\:15\:0\:false\:false\:false\:true\:false\:false
NVIC.PriorityGroup=NVIC_PRIORITYGROUP_4
NVIC.SVCall_IRQn=true\:0\:0\:false\:false\:false\:false\:false\:false
NVIC.SysTick_IRQn=true\:15\:0\:false\:false\:false\:true\:false\:true
NVIC.TIM2_IRQn=true\:0\:0\:false\:false\:true\:false\:false\:true
NVIC.TimeBase=TIM2_IRQn
NVIC.TimeBaseIP=TIM2
NVIC.USART3_IRQn=true\:5\:0\:false\:false\:true\:true\:true\:true
NVIC.UsageFault_IRQn=true\:0\:0\:false\:false\:true\:false\:false\:false
PA0-WKUP.Mode=MII
PA0-WKUP.Signal=ETH_CRS
PA1.Mode=MII
PA1.Signal=ETH_RX_CLK
PA11.GPIOParameters=GPIO_PuPd
PA11.GPIO_PuPd=GPIO_PULLUP
PA11.Mode=Master
PA11.Signal=CAN1_RX
PA12.Mode=Master
PA12.Signal=CAN1_TX
PA15.GPIOParameters=GPIO_Label
PA15.GPIO_Label=CAN2_EN
PA15.Locked=true
PA15.Signal=GPIO_Output
PA2.Mode=MII
PA2.Signal=ETH_MDIO
PA3.Mode=MII
PA3.Signal=ETH_COL
PA4.GPIOParameters=GPIO_Label
PA4.GPIO_Label=DI1
PA4.Locked=true
PA4.Signal=ADCx_IN4
PA5.GPIOParameters=GPIO_Label
PA5.GPIO_Label=DI2
PA5.Locked=true
PA5.Signal=ADCx_IN5
PA6.GPIOParameters=GPIO_Label
PA6.GPIO_Label=DI3
PA6.Locked=true
PA6.Signal=ADCx_IN6
PA7.Mode=MII
PA7.Signal=ETH_RX_DV
PB0.Mode=MII
PB0.Signal=ETH_RXD2
PB1.Mode=MII
PB1.Signal=ETH_RXD3
PB10.Mode=Activate Rx Err signal
PB10.Signal=ETH_RX_ER
PB11.Mode=MII
PB11.Signal=ETH_TX_EN
PB12.Mode=MII
PB12.Signal=ETH_TXD0
PB13.Mode=MII
PB13.Signal=ETH_TXD1
PB4.GPIOParameters=GPIO_Label
PB4.GPIO_Label=CAN1_EN
PB4.Locked=true
PB4.Signal=GPIO_Output
PB8.Locked=true
PB8.Mode=MII
PB8.Signal=ETH_TXD3
PC1.Mode=MII
PC1.Signal=ETH_MDC
PC10.Locked=true
PC10.Mode=Asynchronous
PC10.Signal=USART3_TX
PC11.Locked=true
PC11.Mode=Asynchronous
PC11.Signal=USART3_RX
PC12.GPIOParameters=GPIO_Label
PC12.GPIO_Label=RS485_DIR
PC12.Locked=true
PC12.Signal=GPIO_Output
PC14-OSC32_IN.Mode=LSE-External-Oscillator
PC14-OSC32_IN.Signal=RCC_OSC32_IN
PC15-OSC32_OUT.Mode=LSE-External-Oscillator
PC15-OSC32_OUT.Signal=RCC_OSC32_OUT
PC2.Mode=MII
PC2.Signal=ETH_TXD2
PC3.Mode=MII
PC3.Signal=ETH_TX_CLK
PC4.Mode=MII
PC4.Signal=ETH_RXD0
PC5.Mode=MII
PC5.Signal=ETH_RXD1
PC6.GPIOParameters=GPIO_Label
PC6.GPIO_Label=LED1_G
PC6.Locked=true
PC6.Signal=GPIO_Output
PC7.GPIOParameters=GPIO_Label
PC7.GPIO_Label=LED1_R
PC7.Locked=true
PC7.Signal=GPIO_Output
PC8.GPIOParameters=GPIO_Label
PC8.GPIO_Label=LED2_R
PC8.Locked=true
PC8.Signal=GPIO_Output
PC9.GPIOParameters=GPIO_Label
PC9.GPIO_Label=LED2_G
PC9.Locked=true
PC9.Signal=GPIO_Output
PCC.Checker=false
PCC.Line=STM32F407/417
PCC.MCU=STM32F407V(E-G)Tx
PCC.PartNumber=STM32F407VETx
PCC.Seq0=0
PCC.Series=STM32F4
PCC.Temperature=25
PCC.Vdd=3.3
PD0.GPIOParameters=GPIO_PuPd
PD0.GPIO_PuPd=GPIO_PULLUP
PD0.Mode=8b-dmux1
PD0.Signal=FSMC_D2
PD1.GPIOParameters=GPIO_PuPd
PD1.GPIO_PuPd=GPIO_PULLUP
PD1.Mode=8b-dmux1
PD1.Signal=FSMC_D3
PD11.GPIOParameters=GPIO_PuPd
PD11.GPIO_PuPd=GPIO_PULLUP
PD11.Mode=8b-dmux1
PD11.Signal=FSMC_CLE
PD12.GPIOParameters=GPIO_PuPd
PD12.GPIO_PuPd=GPIO_PULLUP
PD12.Mode=8b-dmux1
PD12.Signal=FSMC_ALE
PD13.GPIOParameters=GPIO_PuPd,GPIO_Label
PD13.GPIO_Label=CE
PD13.GPIO_PuPd=GPIO_PULLUP
PD13.Locked=true
PD13.Signal=GPIO_Output
PD14.GPIOParameters=GPIO_PuPd
PD14.GPIO_PuPd=GPIO_PULLUP
PD14.Mode=8b-dmux1
PD14.Signal=FSMC_D0
PD15.GPIOParameters=GPIO_PuPd
PD15.GPIO_PuPd=GPIO_PULLUP
PD15.Mode=8b-dmux1
PD15.Signal=FSMC_D1
PD4.GPIOParameters=GPIO_PuPd
PD4.GPIO_PuPd=GPIO_PULLUP
PD4.Mode=8b-dmux1
PD4.Signal=FSMC_NOE
PD5.GPIOParameters=GPIO_PuPd
PD5.GPIO_PuPd=GPIO_PULLUP
PD5.Mode=8b-dmux1
PD5.Signal=FSMC_NWE
PD6.GPIOParameters=GPIO_PuPd
PD6.GPIO_PuPd=GPIO_PULLUP
PD6.Mode=Wait1
PD6.Signal=FSMC_NWAIT
PD7.GPIOParameters=GPIO_PuPd
PD7.GPIO_PuPd=GPIO_PULLUP
PD7.Mode=NandChipSelect2_1
PD7.Signal=FSMC_NCE2
PE10.GPIOParameters=GPIO_PuPd
PE10.GPIO_PuPd=GPIO_PULLUP
PE10.Mode=8b-dmux1
PE10.Signal=FSMC_D7
PE11.GPIOParameters=GPIO_Label
PE11.GPIO_Label=PWM1
PE11.Locked=true
PE11.Signal=S_TIM1_CH2
PE13.GPIOParameters=GPIO_Label
PE13.GPIO_Label=PWM2
PE13.Locked=true
PE13.Signal=S_TIM1_CH3
PE4.GPIOParameters=GPIO_Label
PE4.GPIO_Label=RELAY2
PE4.Locked=true
PE4.Signal=GPIO_Output
PE5.GPIOParameters=GPIO_Label
PE5.GPIO_Label=RELAY1
PE5.Locked=true
PE5.Signal=GPIO_Output
PE7.GPIOParameters=GPIO_PuPd
PE7.GPIO_PuPd=GPIO_PULLUP
PE7.Mode=8b-dmux1
PE7.Signal=FSMC_D4
PE8.GPIOParameters=GPIO_PuPd
PE8.GPIO_PuPd=GPIO_PULLUP
PE8.Mode=8b-dmux1
PE8.Signal=FSMC_D5
PE9.GPIOParameters=GPIO_PuPd
PE9.GPIO_PuPd=GPIO_PULLUP
PE9.Mode=8b-dmux1
PE9.Signal=FSMC_D6
PH0-OSC_IN.Mode=HSE-External-Oscillator
PH0-OSC_IN.Signal=RCC_OSC_IN
PH1-OSC_OUT.Mode=HSE-External-Oscillator
PH1-OSC_OUT.Signal=RCC_OSC_OUT
PinOutPanel.RotationAngle=0
ProjectManager.AskForMigrate=true
ProjectManager.BackupPrevious=false
ProjectManager.CompilerOptimize=6
ProjectManager.ComputerToolchain=false
ProjectManager.CoupleFile=true
ProjectManager.CustomerFirmwarePackage=
ProjectManager.DefaultFWLocation=true
ProjectManager.DeletePrevious=true
ProjectManager.DeviceId=STM32F407VETx
ProjectManager.FirmwarePackage=STM32Cube FW_F4 V1.24.1
ProjectManager.FreePins=false
ProjectManager.HalAssertFull=false
ProjectManager.HeapSize=0x2000
ProjectManager.KeepUserCode=true
ProjectManager.LastFirmware=true
ProjectManager.LibraryCopy=1
ProjectManager.MainLocation=Src
ProjectManager.NoMain=false
ProjectManager.PreviousToolchain=TrueSTUDIO
ProjectManager.ProjectBuild=false
ProjectManager.ProjectFileName=gate.ioc
ProjectManager.ProjectName=gate
ProjectManager.StackSize=0x4000
ProjectManager.TargetToolchain=TrueSTUDIO
ProjectManager.ToolChainLocation=
ProjectManager.UnderRoot=true
ProjectManager.functionlistsort=1-MX_GPIO_Init-GPIO-false-HAL-true,2-MX_DMA_Init-DMA-false-HAL-true,3-SystemClock_Config-RCC-false-HAL-false,4-MX_LWIP_Init-LWIP-false-HAL-true,5-MX_FSMC_Init-FSMC-false-HAL-true,6-MX_CAN1_Init-CAN1-false-HAL-true,7-MX_RTC_Init-RTC-false-HAL-true,8-MX_ADC1_Init-ADC1-false-HAL-true,9-MX_TIM1_Init-TIM1-false-HAL-true,10-MX_USART3_UART_Init-USART3-false-LL-true,11-MX_USART1_UART_Init-USART1-false-LL-true
RCC.48MHZClocksFreq_Value=64000000
RCC.AHBFreq_Value=128000000
RCC.APB1CLKDivider=RCC_HCLK_DIV4
RCC.APB1Freq_Value=32000000
RCC.APB1TimFreq_Value=64000000
RCC.APB2CLKDivider=RCC_HCLK_DIV2
RCC.APB2Freq_Value=64000000
RCC.APB2TimFreq_Value=128000000
RCC.CortexFreq_Value=128000000
RCC.EthernetFreq_Value=128000000
RCC.FCLKCortexFreq_Value=128000000
RCC.FamilyName=M
RCC.HCLKFreq_Value=128000000
RCC.HSE_VALUE=25000000
RCC.HSI_VALUE=16000000
RCC.I2SClocksFreq_Value=96000000
RCC.IPParameters=48MHZClocksFreq_Value,AHBFreq_Value,APB1CLKDivider,APB1Freq_Value,APB1TimFreq_Value,APB2CLKDivider,APB2Freq_Value,APB2TimFreq_Value,CortexFreq_Value,EthernetFreq_Value,FCLKCortexFreq_Value,FamilyName,HCLKFreq_Value,HSE_VALUE,HSI_VALUE,I2SClocksFreq_Value,LSI_VALUE,MCO2PinFreq_Value,PLLCLKFreq_Value,PLLM,PLLN,PLLQCLKFreq_Value,PLLSourceVirtual,RCC_RTC_Clock_Source,RCC_RTC_Clock_SourceVirtual,RCC_RTC_Clock_Source_FROM_HSE,RTCFreq_Value,RTCHSEDivFreq_Value,SYSCLKFreq_VALUE,SYSCLKSource,VCOI2SOutputFreq_Value,VCOInputFreq_Value,VCOOutputFreq_Value,VcooutputI2S
RCC.LSI_VALUE=32000
RCC.MCO2PinFreq_Value=128000000
RCC.PLLCLKFreq_Value=128000000
RCC.PLLM=25
RCC.PLLN=256
RCC.PLLQCLKFreq_Value=64000000
RCC.PLLSourceVirtual=RCC_PLLSOURCE_HSE
RCC.RCC_RTC_Clock_Source=RCC_RTCCLKSOURCE_LSE
RCC.RCC_RTC_Clock_SourceVirtual=RCC_RTCCLKSOURCE_HSE_DIV25
RCC.RCC_RTC_Clock_Source_FROM_HSE=RCC_RTCCLKSOURCE_HSE_DIV25
RCC.RTCFreq_Value=32768
RCC.RTCHSEDivFreq_Value=1000000
RCC.SYSCLKFreq_VALUE=128000000
RCC.SYSCLKSource=RCC_SYSCLKSOURCE_PLLCLK
RCC.VCOI2SOutputFreq_Value=192000000
RCC.VCOInputFreq_Value=1000000
RCC.VCOOutputFreq_Value=256000000
RCC.VcooutputI2S=96000000
RTC.AsynchPrediv=127
RTC.IPParameters=AsynchPrediv,SynchPrediv
RTC.SynchPrediv=255
SH.ADCx_IN4.0=ADC1_IN4,IN4
SH.ADCx_IN4.ConfNb=1
SH.ADCx_IN5.0=ADC1_IN5,IN5
SH.ADCx_IN5.ConfNb=1
SH.ADCx_IN6.0=ADC1_IN6,IN6
SH.ADCx_IN6.ConfNb=1
SH.S_TIM1_CH2.0=TIM1_CH2,PWM Generation2 CH2
SH.S_TIM1_CH2.ConfNb=1
SH.S_TIM1_CH3.0=TIM1_CH3,PWM Generation3 CH3
SH.S_TIM1_CH3.ConfNb=1
TIM1.Channel-PWM\ Generation2\ CH2=TIM_CHANNEL_2
TIM1.Channel-PWM\ Generation3\ CH3=TIM_CHANNEL_3
TIM1.IPParameters=Channel-PWM Generation2 CH2,Channel-PWM Generation3 CH3,Period,RepetitionCounter,Prescaler
TIM1.Period=65535
TIM1.Prescaler=1
TIM1.RepetitionCounter=0
USART3.IPParameters=VirtualMode
USART3.VirtualMode=VM_ASYNC
VP_FREERTOS_VS_CMSIS_V1.Mode=CMSIS_V1
VP_FREERTOS_VS_CMSIS_V1.Signal=FREERTOS_VS_CMSIS_V1
VP_LWIP_VS_Enabled.Mode=Enabled
VP_LWIP_VS_Enabled.Signal=LWIP_VS_Enabled
VP_RTC_VS_RTC_Activate.Mode=RTC_Enabled
VP_RTC_VS_RTC_Activate.Signal=RTC_VS_RTC_Activate
VP_SYS_VS_tim2.Mode=TIM2
VP_SYS_VS_tim2.Signal=SYS_VS_tim2
VP_TIM1_VS_ClockSourceINT.Mode=Internal
VP_TIM1_VS_ClockSourceINT.Signal=TIM1_VS_ClockSourceINT
board=custom
